{
  "name": "spreadconfig-cc-connect",
  "version": "1.3.4",
  "lockfileVersion": 3,
  "requires": true,
  "packages": {
    "": {
      "name": "spreadconfig-cc-connect",
      "version": "1.3.4",
      "dependencies": {
        "cc-connect": "1.3.4"
      }
    },
    "node_modules/cc-connect": {
      "version": "1.3.4",
      "resolved": "https://registry.npmjs.org/cc-connect/-/cc-connect-1.3.4.tgz",
      "integrity": "sha512-RH7dIRcV98G1k8hjdNkY1iWKPUULdnOpoBmA2BXRIJwpaTlyarIT+n7/9vL06iyhMG08JhHqj5U/yTgVFxS8Rw==",
      "hasInstallScript": true,
      "license": "MIT",
      "bin": {
        "cc-connect": "run.js"
      }
    }
  }
}
