{
  "name": "spreadconfig-cc-connect",
  "version": "1.4.1",
  "lockfileVersion": 3,
  "requires": true,
  "packages": {
    "": {
      "name": "spreadconfig-cc-connect",
      "version": "1.4.1",
      "dependencies": {
        "cc-connect": "1.4.1"
      }
    },
    "node_modules/cc-connect": {
      "version": "1.4.1",
      "resolved": "https://registry.npmjs.org/cc-connect/-/cc-connect-1.4.1.tgz",
      "integrity": "sha512-acoRJzBZGo9wSbOv0jykR3vp9VvrJCZ0poJtPyiK+BGjgcUZa0Mq1p3RcrDxmGPBxxneyaXacR3nQId+HFmBMA==",
      "hasInstallScript": true,
      "license": "MIT",
      "bin": {
        "cc-connect": "run.js"
      }
    }
  }
}
