{
  "nodes": {
    "claude-code-nix": {
      "inputs": {
        "nixpkgs": [
          "nixpkgs"
        ],
        "systems": "systems"
      },
      "locked": {
        "lastModified": 1790877775,
        "narHash": "sha256-99y6MBHLBNKhcUl4PprE5m4/ooopH8nuOCwxh8uKMCs=",
        "owner": "sadjow",
        "repo": "claude-code-nix",
        "rev": "eca59bb0000a0f3ebf7db73717ebd3838de940fe",
        "type": "github"
      },
      "original": {
        "owner": "sadjow",
        "repo": "claude-code-nix",
        "type": "github"
      }
    },
    "codex-desktop-linux": {
      "inputs": {
        "flake-utils": "flake-utils",
        "nixpkgs": [
          "nixpkgs"
        ]
      },
      "locked": {
        "lastModified": 1790925895,
        "narHash": "sha256-tDyQ2AmwBkio2zMIo+Jmg0Jdkn5wrsoxj2Az6aLvZog=",
        "owner": "ilysenko",
        "repo": "codex-desktop-linux",
        "rev": "1780b4063ea9e5a9023a012f87d9f8553ed24b99",
        "type": "github"
      },
      "original": {
        "owner": "ilysenko",
        "repo": "codex-desktop-linux",
        "type": "github"
      }
    },
    "drawio-skill": {
      "flake": false,
      "locked": {
        "lastModified": 1790939632,
        "narHash": "sha256-tyz0MWCqhBh2RGIHLOp+UvVSGgjCYdn0AJUd1Q0h8oA=",
        "ref": "main",
        "rev": "88fd9236bc532aac4c25cb008a8bd59bc650b904",
        "revCount": 288,
        "type": "git",
        "url": "https://github.com/Agents365-ai/drawio-skill.git"
      },
      "original": {
        "ref": "main",
        "type": "git",
        "url": "https://github.com/Agents365-ai/drawio-skill.git"
      }
    },
    "flake-parts": {
      "inputs": {
        "nixpkgs-lib": [
          "nixvim",
          "nixpkgs"
        ]
      },
      "locked": {
        "lastModified": 1788450739,
        "narHash": "sha256-glZLQlzIn1fXH6PazR2iUmTo7kzzyYSshrWhLS9TqCU=",
        "owner": "hercules-ci",
        "repo": "flake-parts",
        "rev": "31729ca8cbdb4fa927b34e5f4353e6a83f39e993",
        "type": "github"
      },
      "original": {
        "owner": "hercules-ci",
        "repo": "flake-parts",
        "type": "github"
      }
    },
    "flake-utils": {
      "inputs": {
        "systems": "systems_2"
      },
      "locked": {
        "lastModified": 1731533236,
        "narHash": "sha256-l0KFg5HjrsfsO/JpG+r7fRrqm12kzFHyUHqHCVpMMbI=",
        "owner": "numtide",
        "repo": "flake-utils",
        "rev": "11707dc2f618dd54ca8739b309ec4fc024de578b",
        "type": "github"
      },
      "original": {
        "owner": "numtide",
        "repo": "flake-utils",
        "type": "github"
      }
    },
    "frontend-design-skill": {
      "flake": false,
      "locked": {
        "lastModified": 1774840228,
        "narHash": "sha256-dYanvbL7Dq2G0OxTuy/4nR5okjFuec/u85crxqlKO1g=",
        "ref": "main",
        "rev": "59c1ec751ba6f69ee65894be595aeae06f869281",
        "revCount": 1,
        "type": "git",
        "url": "https://github.com/Aston1690/frontend-design.git"
      },
      "original": {
        "ref": "main",
        "type": "git",
        "url": "https://github.com/Aston1690/frontend-design.git"
      }
    },
    "home-manager": {
      "inputs": {
        "nixpkgs": [
          "nixpkgs"
        ]
      },
      "locked": {
        "lastModified": 1790928438,
        "narHash": "sha256-ZuJbu8VQe/Qzy7GJdZ3Xv7adRllH1o4O7nqONtkhFbA=",
        "owner": "nix-community",
        "repo": "home-manager",
        "rev": "833540099ef43cbeb28b1e3f3c21901961edb48e",
        "type": "github"
      },
      "original": {
        "owner": "nix-community",
        "ref": "master",
        "repo": "home-manager",
        "type": "github"
      }
    },
    "nixos-best-practices-skill": {
      "flake": false,
      "locked": {
        "lastModified": 1772846587,
        "narHash": "sha256-jKdSnasUZcX1LBYBXu2bM3Cv6F/McgkByxvzwVire8w=",
        "ref": "main",
        "rev": "03a65e39a21137a5091738b79d3731ee83bda13a",
        "revCount": 9,
        "type": "git",
        "url": "https://github.com/lihaoze123/my-claude-code.git"
      },
      "original": {
        "ref": "main",
        "type": "git",
        "url": "https://github.com/lihaoze123/my-claude-code.git"
      }
    },
    "nixos-hardware": {
      "inputs": {
        "nixpkgs": "nixpkgs"
      },
      "locked": {
        "lastModified": 1790948122,
        "narHash": "sha256-fDMYyzY1lI5b8RuCMrvoaIgTeRwNnTG4dNk1ucROlQE=",
        "owner": "NixOS",
        "repo": "nixos-hardware",
        "rev": "0953bb1a609df63013176e3463393f8df993d3ef",
        "type": "github"
      },
      "original": {
        "owner": "NixOS",
        "ref": "master",
        "repo": "nixos-hardware",
        "type": "github"
      }
    },
    "nixpkgs": {
      "locked": {
        "lastModified": 1789546076,
        "narHash": "sha256-vWkSk5bbfTqdtMoSgD9FshACO8JCvXTFi+3cqEp0mH0=",
        "rev": "b1b875982b17dabde9b4a37f3e229e74913e6db3",
        "type": "tarball",
        "url": "https://releases.nixos.org/nixos/unstable/nixos-26.11pre1074753.b1b875982b17/nixexprs.tar.xz"
      },
      "original": {
        "type": "tarball",
        "url": "https://channels.nixos.org/nixos-unstable/nixexprs.tar.xz"
      }
    },
    "nixpkgs-desktop1-graphics": {
      "locked": {
        "lastModified": 1790463110,
        "narHash": "sha256-hKlVl12B1dF0Q5vd9dY3lIJM5mFGWYSlXwSLAqHZ1+s=",
        "owner": "nixos",
        "repo": "nixpkgs",
        "rev": "e158d9ed9b51c98974c5e66e1ba1c9e0255fecaa",
        "type": "github"
      },
      "original": {
        "owner": "nixos",
        "repo": "nixpkgs",
        "rev": "e158d9ed9b51c98974c5e66e1ba1c9e0255fecaa",
        "type": "github"
      }
    },
    "nixpkgs_2": {
      "locked": {
        "lastModified": 1790822859,
        "narHash": "sha256-69xHQhAeMAD2wDXO7T2pcOZIF9Sga2W+JkmY2a11Ops=",
        "owner": "nixos",
        "repo": "nixpkgs",
        "rev": "c59305bab2065cfecc4944690d9eedbb56f3a9fa",
        "type": "github"
      },
      "original": {
        "owner": "nixos",
        "ref": "nixos-unstable",
        "repo": "nixpkgs",
        "type": "github"
      }
    },
    "nixpkgs_3": {
      "locked": {
        "lastModified": 1789724158,
        "narHash": "sha256-nlKgrm0dsVhOSopKheVBCcOpiIticufPPVLdVOI0euA=",
        "owner": "NixOS",
        "repo": "nixpkgs",
        "rev": "0a3468a402c449992505b6a9fc5b06580141b750",
        "type": "github"
      },
      "original": {
        "owner": "NixOS",
        "ref": "nixpkgs-unstable",
        "repo": "nixpkgs",
        "type": "github"
      }
    },
    "nixpkgs_4": {
      "locked": {
        "lastModified": 1781577229,
        "narHash": "sha256-lrp67w8AulE9Ks53n27I45ADSzbOCn4H+CNW1Ck8B+8=",
        "owner": "NixOS",
        "repo": "nixpkgs",
        "rev": "567a49d1913ce81ac6e9582e3553dd90a955875f",
        "type": "github"
      },
      "original": {
        "owner": "NixOS",
        "ref": "nixos-unstable",
        "repo": "nixpkgs",
        "type": "github"
      }
    },
    "nixvim": {
      "inputs": {
        "flake-parts": "flake-parts",
        "nixpkgs": "nixpkgs_3",
        "systems": "systems_3"
      },
      "locked": {
        "lastModified": 1790928658,
        "narHash": "sha256-EeMn6SmrBe4gnxaMyb3NZYMXG8FPF9PY0OCcbPDFFNI=",
        "owner": "nix-community",
        "repo": "nixvim",
        "rev": "1cdfef1a6eb583d65b606b04fc97687491479d62",
        "type": "github"
      },
      "original": {
        "owner": "nix-community",
        "repo": "nixvim",
        "type": "github"
      }
    },
    "obsidian-skills": {
      "flake": false,
      "locked": {
        "lastModified": 1789483437,
        "narHash": "sha256-kyH07EVmwIEC/q6i91Kz8mPE78j9ITga2NZUpU1+nHU=",
        "ref": "main",
        "rev": "3ccff5338ea700537839b21900aa5358a0402c98",
        "revCount": 49,
        "type": "git",
        "url": "https://github.com/kepano/obsidian-skills.git"
      },
      "original": {
        "ref": "main",
        "type": "git",
        "url": "https://github.com/kepano/obsidian-skills.git"
      }
    },
    "openai-skills": {
      "flake": false,
      "locked": {
        "lastModified": 1782268572,
        "narHash": "sha256-t4oGnFg0YpxJaQiFpgTiwYhaFoZK6wPDiqvHoG0bXiU=",
        "ref": "main",
        "rev": "49f948faa9258a0c61caceaf225e179651397431",
        "revCount": 114,
        "type": "git",
        "url": "https://github.com/openai/skills.git"
      },
      "original": {
        "ref": "main",
        "type": "git",
        "url": "https://github.com/openai/skills.git"
      }
    },
    "personal-packages": {
      "inputs": {
        "nixpkgs": [
          "nixpkgs"
        ]
      },
      "locked": {
        "lastModified": 1788537095,
        "narHash": "sha256-jzacc9ilESGDRY/uSCiub0CoyX/rKkNWhnR1HxI22YM=",
        "owner": "SpreadZhao",
        "repo": "nix-packages",
        "rev": "6a052020260ac3ff6ba3630e134fa5e072831c8c",
        "type": "github"
      },
      "original": {
        "owner": "SpreadZhao",
        "repo": "nix-packages",
        "type": "github"
      }
    },
    "root": {
      "inputs": {
        "claude-code-nix": "claude-code-nix",
        "codex-desktop-linux": "codex-desktop-linux",
        "drawio-skill": "drawio-skill",
        "frontend-design-skill": "frontend-design-skill",
        "home-manager": "home-manager",
        "nixos-best-practices-skill": "nixos-best-practices-skill",
        "nixos-hardware": "nixos-hardware",
        "nixpkgs": "nixpkgs_2",
        "nixpkgs-desktop1-graphics": "nixpkgs-desktop1-graphics",
        "nixvim": "nixvim",
        "obsidian-skills": "obsidian-skills",
        "openai-skills": "openai-skills",
        "personal-packages": "personal-packages",
        "sops-nix": "sops-nix",
        "textbridge": "textbridge",
        "web-artifacts-builder-skill": "web-artifacts-builder-skill",
        "web-interface-guidelines": "web-interface-guidelines",
        "xiaohongshu-summarizer-skill": "xiaohongshu-summarizer-skill",
        "yt-dlp-downloader-skill": "yt-dlp-downloader-skill"
      }
    },
    "sops-nix": {
      "inputs": {
        "nixpkgs": [
          "nixpkgs"
        ]
      },
      "locked": {
        "lastModified": 1790498116,
        "narHash": "sha256-rs9meAYxW3zzrh43yaW7htrqCD+X9+pupDPHN86fumI=",
        "owner": "Mic92",
        "repo": "sops-nix",
        "rev": "5efb5a6f4f5ab192817d28557dd4d650fa14d866",
        "type": "github"
      },
      "original": {
        "owner": "Mic92",
        "repo": "sops-nix",
        "type": "github"
      }
    },
    "systems": {
      "locked": {
        "lastModified": 1681028828,
        "narHash": "sha256-Vy1rq5AaRuLzOxct8nz4T6wlgyUR7zLU309k9mBC768=",
        "owner": "nix-systems",
        "repo": "default",
        "rev": "da67096a3b9bf56a91d16901293e51ba5b49a27e",
        "type": "github"
      },
      "original": {
        "owner": "nix-systems",
        "repo": "default",
        "type": "github"
      }
    },
    "systems_2": {
      "locked": {
        "lastModified": 1681028828,
        "narHash": "sha256-Vy1rq5AaRuLzOxct8nz4T6wlgyUR7zLU309k9mBC768=",
        "owner": "nix-systems",
        "repo": "default",
        "rev": "da67096a3b9bf56a91d16901293e51ba5b49a27e",
        "type": "github"
      },
      "original": {
        "owner": "nix-systems",
        "repo": "default",
        "type": "github"
      }
    },
    "systems_3": {
      "flake": false,
      "locked": {
        "lastModified": 1774449309,
        "narHash": "sha256-brhZ8DmuGtzkCYHJg4HEd602amKm89Y9ytsFZ5uWD1w=",
        "owner": "nix-systems",
        "repo": "default",
        "rev": "c29398b59d2048c4ab79345812849c9bd15e9150",
        "type": "github"
      },
      "original": {
        "owner": "nix-systems",
        "ref": "future-26.11",
        "repo": "default",
        "type": "github"
      }
    },
    "textbridge": {
      "inputs": {
        "nixpkgs": "nixpkgs_4"
      },
      "locked": {
        "lastModified": 1786199605,
        "narHash": "sha256-L3Hm85EFtd2HjAHfyuET5VRiyefsTJQMAp9fXci8KuE=",
        "owner": "SpreadZhao",
        "repo": "textbridge",
        "rev": "1bfcec90ee27f69b91376c22b3b735030653e407",
        "type": "github"
      },
      "original": {
        "owner": "SpreadZhao",
        "repo": "textbridge",
        "type": "github"
      }
    },
    "web-artifacts-builder-skill": {
      "flake": false,
      "locked": {
        "lastModified": 1773519380,
        "narHash": "sha256-6NwxxU2dXXK+PHhTW9TD4BtygmfRApms5igG4qPb8AE=",
        "ref": "main",
        "rev": "07c7ce3b3a5e0992837607ec1cfb1c0d325adde6",
        "revCount": 1,
        "type": "git",
        "url": "https://github.com/CuriousAquarius/claude-skill-web-artifacts-builder.git"
      },
      "original": {
        "ref": "main",
        "type": "git",
        "url": "https://github.com/CuriousAquarius/claude-skill-web-artifacts-builder.git"
      }
    },
    "web-interface-guidelines": {
      "flake": false,
      "locked": {
        "lastModified": 1787012466,
        "narHash": "sha256-i6r2AXqGUlA3LS1N0vVX/n8AKTuHIGNx5wEkzn/SWbI=",
        "ref": "main",
        "rev": "e3d624baaf29dc1fc645aff3e38f03e564d2d6b1",
        "revCount": 58,
        "type": "git",
        "url": "https://github.com/vercel-labs/web-interface-guidelines.git"
      },
      "original": {
        "ref": "main",
        "type": "git",
        "url": "https://github.com/vercel-labs/web-interface-guidelines.git"
      }
    },
    "xiaohongshu-summarizer-skill": {
      "flake": false,
      "locked": {
        "lastModified": 1773129138,
        "narHash": "sha256-7OxWtYcI5omOYgt40q13AcQk6AZ3/BuPeO93iS06R7c=",
        "ref": "main",
        "rev": "9e644e6db82d7c1f5f1ba8ab10278c1229d1f7bc",
        "revCount": 5,
        "type": "git",
        "url": "https://github.com/piekill/xiaohongshu-summarizer-skill.git"
      },
      "original": {
        "ref": "main",
        "type": "git",
        "url": "https://github.com/piekill/xiaohongshu-summarizer-skill.git"
      }
    },
    "yt-dlp-downloader-skill": {
      "flake": false,
      "locked": {
        "lastModified": 1769266584,
        "narHash": "sha256-8XIdbJT4zj7ikbZuW2r9evRR1vKoOlFThgEDaqgDKIg=",
        "ref": "master",
        "rev": "8da2e2ec3c38c6bb79d6a1718984be7b80aef38f",
        "revCount": 2,
        "type": "git",
        "url": "https://github.com/MapleShaw/yt-dlp-downloader-skill.git"
      },
      "original": {
        "ref": "master",
        "type": "git",
        "url": "https://github.com/MapleShaw/yt-dlp-downloader-skill.git"
      }
    }
  },
  "root": "root",
  "version": 7
}
