{
  "nodes": {
    "antigravity-nix": {
      "inputs": {
        "flake-utils": "flake-utils",
        "nixpkgs": [
          "nixpkgs"
        ]
      },
      "locked": {
        "lastModified": 1783671102,
        "narHash": "sha256-0HGdmT8LpUpn2s8pkp4FewHclRZM+BEOWnz1ekNuPcU=",
        "owner": "jacopone",
        "repo": "antigravity-nix",
        "rev": "40ae76f9b845c3b84cae66a017db8a0a9c934a63",
        "type": "github"
      },
      "original": {
        "owner": "jacopone",
        "repo": "antigravity-nix",
        "type": "github"
      }
    },
    "claude-code-nix": {
      "inputs": {
        "flake-utils": "flake-utils_2",
        "nixpkgs": [
          "nixpkgs"
        ]
      },
      "locked": {
        "lastModified": 1783642944,
        "narHash": "sha256-YuaeZs+6565YrJU0xDJ+mZIVn5zmqF9Rth6pMcbnh2E=",
        "owner": "sadjow",
        "repo": "claude-code-nix",
        "rev": "d120e1bfc6c5e24995178ac8485e98938f2d68d4",
        "type": "github"
      },
      "original": {
        "owner": "sadjow",
        "repo": "claude-code-nix",
        "type": "github"
      }
    },
    "codex-cli-nix": {
      "inputs": {
        "flake-utils": "flake-utils_3",
        "nixpkgs": [
          "nixpkgs"
        ]
      },
      "locked": {
        "lastModified": 1783639878,
        "narHash": "sha256-abnrDpUkNg+/xm859m+9BOfjGDPmnAztQvBaR3596Ps=",
        "owner": "sadjow",
        "repo": "codex-cli-nix",
        "rev": "77438a11367ee33190afe5c6cdf22634eced8e77",
        "type": "github"
      },
      "original": {
        "owner": "sadjow",
        "repo": "codex-cli-nix",
        "type": "github"
      }
    },
    "codex-desktop-linux": {
      "inputs": {
        "flake-utils": "flake-utils_4",
        "nixpkgs": [
          "nixpkgs"
        ]
      },
      "locked": {
        "lastModified": 1783686742,
        "narHash": "sha256-yy/DDtZ+E2uXfcSUyrqtr5K/9ZWV8pCjDWAPb6p3HiU=",
        "owner": "ilysenko",
        "repo": "codex-desktop-linux",
        "rev": "808bb2552772250c80e21489a0d1ad9e1b12c9b4",
        "type": "github"
      },
      "original": {
        "owner": "ilysenko",
        "repo": "codex-desktop-linux",
        "type": "github"
      }
    },
    "drawio-skill": {
      "flake": false,
      "locked": {
        "lastModified": 1783667410,
        "narHash": "sha256-rbvt52QUv/4cQ1AHmTz4ZrES3CTIEXinMcxyxLEEu2E=",
        "ref": "main",
        "rev": "6c53172d28698b7f148f5be9b296f236216f9814",
        "revCount": 187,
        "type": "git",
        "url": "https://github.com/Agents365-ai/drawio-skill.git"
      },
      "original": {
        "ref": "main",
        "type": "git",
        "url": "https://github.com/Agents365-ai/drawio-skill.git"
      }
    },
    "flake-parts": {
      "inputs": {
        "nixpkgs-lib": [
          "hermes-agent",
          "nixpkgs"
        ]
      },
      "locked": {
        "lastModified": 1772408722,
        "narHash": "sha256-rHuJtdcOjK7rAHpHphUb1iCvgkU3GpfvicLMwwnfMT0=",
        "owner": "hercules-ci",
        "repo": "flake-parts",
        "rev": "f20dc5d9b8027381c474144ecabc9034d6a839a3",
        "type": "github"
      },
      "original": {
        "owner": "hercules-ci",
        "repo": "flake-parts",
        "type": "github"
      }
    },
    "flake-parts_2": {
      "inputs": {
        "nixpkgs-lib": [
          "nixvim",
          "nixpkgs"
        ]
      },
      "locked": {
        "lastModified": 1782949081,
        "narHash": "sha256-vp6Y/Grm98ESt6ceOkWiHWyZRDV3J1RID4w+6NWK9yA=",
        "owner": "hercules-ci",
        "repo": "flake-parts",
        "rev": "17c9d6cdfc60c64f4ee8d306f9bc0b4ccb51481e",
        "type": "github"
      },
      "original": {
        "owner": "hercules-ci",
        "repo": "flake-parts",
        "type": "github"
      }
    },
    "flake-utils": {
      "inputs": {
        "systems": "systems"
      },
      "locked": {
        "lastModified": 1731533236,
        "narHash": "sha256-l0KFg5HjrsfsO/JpG+r7fRrqm12kzFHyUHqHCVpMMbI=",
        "owner": "numtide",
        "repo": "flake-utils",
        "rev": "11707dc2f618dd54ca8739b309ec4fc024de578b",
        "type": "github"
      },
      "original": {
        "owner": "numtide",
        "repo": "flake-utils",
        "type": "github"
      }
    },
    "flake-utils_2": {
      "inputs": {
        "systems": "systems_2"
      },
      "locked": {
        "lastModified": 1731533236,
        "narHash": "sha256-l0KFg5HjrsfsO/JpG+r7fRrqm12kzFHyUHqHCVpMMbI=",
        "owner": "numtide",
        "repo": "flake-utils",
        "rev": "11707dc2f618dd54ca8739b309ec4fc024de578b",
        "type": "github"
      },
      "original": {
        "owner": "numtide",
        "repo": "flake-utils",
        "type": "github"
      }
    },
    "flake-utils_3": {
      "inputs": {
        "systems": "systems_3"
      },
      "locked": {
        "lastModified": 1731533236,
        "narHash": "sha256-l0KFg5HjrsfsO/JpG+r7fRrqm12kzFHyUHqHCVpMMbI=",
        "owner": "numtide",
        "repo": "flake-utils",
        "rev": "11707dc2f618dd54ca8739b309ec4fc024de578b",
        "type": "github"
      },
      "original": {
        "owner": "numtide",
        "repo": "flake-utils",
        "type": "github"
      }
    },
    "flake-utils_4": {
      "inputs": {
        "systems": "systems_4"
      },
      "locked": {
        "lastModified": 1731533236,
        "narHash": "sha256-l0KFg5HjrsfsO/JpG+r7fRrqm12kzFHyUHqHCVpMMbI=",
        "owner": "numtide",
        "repo": "flake-utils",
        "rev": "11707dc2f618dd54ca8739b309ec4fc024de578b",
        "type": "github"
      },
      "original": {
        "owner": "numtide",
        "repo": "flake-utils",
        "type": "github"
      }
    },
    "frontend-design-skill": {
      "flake": false,
      "locked": {
        "lastModified": 1774840228,
        "narHash": "sha256-dYanvbL7Dq2G0OxTuy/4nR5okjFuec/u85crxqlKO1g=",
        "ref": "main",
        "rev": "59c1ec751ba6f69ee65894be595aeae06f869281",
        "revCount": 1,
        "type": "git",
        "url": "https://github.com/Aston1690/frontend-design.git"
      },
      "original": {
        "ref": "main",
        "type": "git",
        "url": "https://github.com/Aston1690/frontend-design.git"
      }
    },
    "hermes-agent": {
      "inputs": {
        "flake-parts": "flake-parts",
        "nixpkgs": "nixpkgs",
        "npm-lockfile-fix": "npm-lockfile-fix",
        "pyproject-build-systems": "pyproject-build-systems",
        "pyproject-nix": "pyproject-nix",
        "uv2nix": "uv2nix"
      },
      "locked": {
        "lastModified": 1783687157,
        "narHash": "sha256-uP+ou3tuTCS6TveVyvBAeYSAJrX8D4K2cvY0ZYKREK0=",
        "owner": "NousResearch",
        "repo": "hermes-agent",
        "rev": "d37090ac363b7a3112ba89b32837fad69270594f",
        "type": "github"
      },
      "original": {
        "owner": "NousResearch",
        "repo": "hermes-agent",
        "type": "github"
      }
    },
    "home-manager": {
      "inputs": {
        "nixpkgs": [
          "nixpkgs"
        ]
      },
      "locked": {
        "lastModified": 1783618078,
        "narHash": "sha256-F43DGcBoIO8xOZFAfodg3jy0VghB9NGdb6xbTYAIx1A=",
        "owner": "nix-community",
        "repo": "home-manager",
        "rev": "144f4e36d0186195037da9fce80a727108978070",
        "type": "github"
      },
      "original": {
        "owner": "nix-community",
        "ref": "master",
        "repo": "home-manager",
        "type": "github"
      }
    },
    "niri-computer-use": {
      "inputs": {
        "nixpkgs": [
          "nixpkgs"
        ]
      },
      "locked": {
        "lastModified": 1782378167,
        "narHash": "sha256-D2k1vr35zuraxncJaZAQyLnxfYf3WGApAUzqWCRVWWs=",
        "owner": "SpreadZhao",
        "repo": "niri-computer-use",
        "rev": "c42a346051b607b270f2e7683c533f119b9c5a80",
        "type": "github"
      },
      "original": {
        "owner": "SpreadZhao",
        "repo": "niri-computer-use",
        "type": "github"
      }
    },
    "nixos-best-practices-skill": {
      "flake": false,
      "locked": {
        "lastModified": 1772846587,
        "narHash": "sha256-jKdSnasUZcX1LBYBXu2bM3Cv6F/McgkByxvzwVire8w=",
        "ref": "main",
        "rev": "03a65e39a21137a5091738b79d3731ee83bda13a",
        "revCount": 9,
        "type": "git",
        "url": "https://github.com/lihaoze123/my-claude-code.git"
      },
      "original": {
        "ref": "main",
        "type": "git",
        "url": "https://github.com/lihaoze123/my-claude-code.git"
      }
    },
    "nixos-hardware": {
      "inputs": {
        "nixpkgs": "nixpkgs_2"
      },
      "locked": {
        "lastModified": 1783673680,
        "narHash": "sha256-ardRVG+ipnyyxVdIsbLMy5foO6gDqN/yIi8v10HTJqs=",
        "owner": "NixOS",
        "repo": "nixos-hardware",
        "rev": "0b655af52b5b89bcceb88737efdc3a7498e751ee",
        "type": "github"
      },
      "original": {
        "owner": "NixOS",
        "ref": "master",
        "repo": "nixos-hardware",
        "type": "github"
      }
    },
    "nixpkgs": {
      "locked": {
        "lastModified": 1775036866,
        "narHash": "sha256-ZojAnPuCdy657PbTq5V0Y+AHKhZAIwSIT2cb8UgAz/U=",
        "owner": "NixOS",
        "repo": "nixpkgs",
        "rev": "6201e203d09599479a3b3450ed24fa81537ebc4e",
        "type": "github"
      },
      "original": {
        "owner": "NixOS",
        "ref": "nixos-unstable",
        "repo": "nixpkgs",
        "type": "github"
      }
    },
    "nixpkgs-old-a6c3b1b": {
      "locked": {
        "lastModified": 1775258401,
        "narHash": "sha256-EJhEaasgzEtshf47HHX8VCLB63zll5e6hZR1b0Tjofo=",
        "owner": "nixos",
        "repo": "nixpkgs",
        "rev": "a6c3b1bbaa0d39d37e8472438c81c7bd7989e453",
        "type": "github"
      },
      "original": {
        "owner": "nixos",
        "repo": "nixpkgs",
        "rev": "a6c3b1bbaa0d39d37e8472438c81c7bd7989e453",
        "type": "github"
      }
    },
    "nixpkgs_2": {
      "locked": {
        "lastModified": 1767892417,
        "narHash": "sha256-8bW3q88CEg2u4hSP66Vf4lpbLonHz7hqDNBMcCY7E9U=",
        "rev": "3497aa5c9457a9d88d71fa93a4a8368816fbeeba",
        "type": "tarball",
        "url": "https://releases.nixos.org/nixos/unstable/nixos-26.05pre924538.3497aa5c9457/nixexprs.tar.xz"
      },
      "original": {
        "type": "tarball",
        "url": "https://channels.nixos.org/nixos-unstable/nixexprs.tar.xz"
      }
    },
    "nixpkgs_3": {
      "locked": {
        "lastModified": 1783522502,
        "narHash": "sha256-iffAls3iaNTyJC2faYcUXSI+Gp02cDjYl+MygxKl2GI=",
        "owner": "nixos",
        "repo": "nixpkgs",
        "rev": "0bb7ec54c8483066ec9d7720e780a5caa71f8612",
        "type": "github"
      },
      "original": {
        "owner": "nixos",
        "ref": "nixos-unstable",
        "repo": "nixpkgs",
        "type": "github"
      }
    },
    "nixpkgs_4": {
      "locked": {
        "lastModified": 1783279667,
        "narHash": "sha256-/NAkDSsve+GNM0Bt6tleJdCGfsTlK89nPjkVOzZMo0s=",
        "owner": "NixOS",
        "repo": "nixpkgs",
        "rev": "f205b5574fd0cb7da5b702a2da51507b7f4fdd1b",
        "type": "github"
      },
      "original": {
        "owner": "NixOS",
        "ref": "nixpkgs-unstable",
        "repo": "nixpkgs",
        "type": "github"
      }
    },
    "nixpkgs_5": {
      "locked": {
        "lastModified": 1781577229,
        "narHash": "sha256-lrp67w8AulE9Ks53n27I45ADSzbOCn4H+CNW1Ck8B+8=",
        "owner": "NixOS",
        "repo": "nixpkgs",
        "rev": "567a49d1913ce81ac6e9582e3553dd90a955875f",
        "type": "github"
      },
      "original": {
        "owner": "NixOS",
        "ref": "nixos-unstable",
        "repo": "nixpkgs",
        "type": "github"
      }
    },
    "nixvim": {
      "inputs": {
        "flake-parts": "flake-parts_2",
        "nixpkgs": "nixpkgs_4",
        "systems": "systems_5"
      },
      "locked": {
        "lastModified": 1783647864,
        "narHash": "sha256-gtVkWD4SbsvQQ8aSFEsrUTxxyuim4/ZC6lBJmA+sE/k=",
        "owner": "nix-community",
        "repo": "nixvim",
        "rev": "ebffdb62cd1604537ee51d4d23258c002f1c90f8",
        "type": "github"
      },
      "original": {
        "owner": "nix-community",
        "repo": "nixvim",
        "type": "github"
      }
    },
    "npm-lockfile-fix": {
      "inputs": {
        "nixpkgs": [
          "hermes-agent",
          "nixpkgs"
        ]
      },
      "locked": {
        "lastModified": 1775903712,
        "narHash": "sha256-2GV79U6iVH4gKAPWYrxUReB0S41ty/Y3dBLquU8AlaA=",
        "owner": "jeslie0",
        "repo": "npm-lockfile-fix",
        "rev": "c6093acb0c0548e0f9b8b3d82918823721930fe8",
        "type": "github"
      },
      "original": {
        "owner": "jeslie0",
        "repo": "npm-lockfile-fix",
        "type": "github"
      }
    },
    "obsidian-skills": {
      "flake": false,
      "locked": {
        "lastModified": 1780935121,
        "narHash": "sha256-/Kr3cMaN81WXFxgWMNt/QQhEMzuu3e3WJpspqjrnPss=",
        "ref": "main",
        "rev": "a1dc48e68138490d522c04cbf5822214c6eb1202",
        "revCount": 46,
        "type": "git",
        "url": "https://github.com/kepano/obsidian-skills.git"
      },
      "original": {
        "ref": "main",
        "type": "git",
        "url": "https://github.com/kepano/obsidian-skills.git"
      }
    },
    "openai-skills": {
      "flake": false,
      "locked": {
        "lastModified": 1782268572,
        "narHash": "sha256-t4oGnFg0YpxJaQiFpgTiwYhaFoZK6wPDiqvHoG0bXiU=",
        "ref": "main",
        "rev": "49f948faa9258a0c61caceaf225e179651397431",
        "revCount": 114,
        "type": "git",
        "url": "https://github.com/openai/skills.git"
      },
      "original": {
        "ref": "main",
        "type": "git",
        "url": "https://github.com/openai/skills.git"
      }
    },
    "pyproject-build-systems": {
      "inputs": {
        "nixpkgs": [
          "hermes-agent",
          "nixpkgs"
        ],
        "pyproject-nix": [
          "hermes-agent",
          "pyproject-nix"
        ],
        "uv2nix": [
          "hermes-agent",
          "uv2nix"
        ]
      },
      "locked": {
        "lastModified": 1772555609,
        "narHash": "sha256-3BA3HnUvJSbHJAlJj6XSy0Jmu7RyP2gyB/0fL7XuEDo=",
        "owner": "pyproject-nix",
        "repo": "build-system-pkgs",
        "rev": "c37f66a953535c394244888598947679af231863",
        "type": "github"
      },
      "original": {
        "owner": "pyproject-nix",
        "repo": "build-system-pkgs",
        "type": "github"
      }
    },
    "pyproject-nix": {
      "inputs": {
        "nixpkgs": [
          "hermes-agent",
          "nixpkgs"
        ]
      },
      "locked": {
        "lastModified": 1772865871,
        "narHash": "sha256-/ZTSg97aouL0SlPHaokA4r3iuH9QzHVuWPACD2CUCFY=",
        "owner": "pyproject-nix",
        "repo": "pyproject.nix",
        "rev": "e537db02e72d553cea470976b9733581bcf5b3ed",
        "type": "github"
      },
      "original": {
        "owner": "pyproject-nix",
        "repo": "pyproject.nix",
        "type": "github"
      }
    },
    "root": {
      "inputs": {
        "antigravity-nix": "antigravity-nix",
        "claude-code-nix": "claude-code-nix",
        "codex-cli-nix": "codex-cli-nix",
        "codex-desktop-linux": "codex-desktop-linux",
        "drawio-skill": "drawio-skill",
        "frontend-design-skill": "frontend-design-skill",
        "hermes-agent": "hermes-agent",
        "home-manager": "home-manager",
        "niri-computer-use": "niri-computer-use",
        "nixos-best-practices-skill": "nixos-best-practices-skill",
        "nixos-hardware": "nixos-hardware",
        "nixpkgs": "nixpkgs_3",
        "nixpkgs-old-a6c3b1b": "nixpkgs-old-a6c3b1b",
        "nixvim": "nixvim",
        "obsidian-skills": "obsidian-skills",
        "openai-skills": "openai-skills",
        "sops-nix": "sops-nix",
        "textbridge": "textbridge",
        "web-artifacts-builder-skill": "web-artifacts-builder-skill",
        "web-interface-guidelines": "web-interface-guidelines",
        "xiaohongshu-summarizer-skill": "xiaohongshu-summarizer-skill"
      }
    },
    "sops-nix": {
      "inputs": {
        "nixpkgs": [
          "nixpkgs"
        ]
      },
      "locked": {
        "lastModified": 1783174389,
        "narHash": "sha256-aCWC8ngycU7OdJrU2+Je3qf+1a2ykuBvpPhZT/9tXMc=",
        "owner": "Mic92",
        "repo": "sops-nix",
        "rev": "f1406619a3884cd5c47992a70b8b35c9c0fcb4c9",
        "type": "github"
      },
      "original": {
        "owner": "Mic92",
        "repo": "sops-nix",
        "type": "github"
      }
    },
    "systems": {
      "locked": {
        "lastModified": 1681028828,
        "narHash": "sha256-Vy1rq5AaRuLzOxct8nz4T6wlgyUR7zLU309k9mBC768=",
        "owner": "nix-systems",
        "repo": "default",
        "rev": "da67096a3b9bf56a91d16901293e51ba5b49a27e",
        "type": "github"
      },
      "original": {
        "owner": "nix-systems",
        "repo": "default",
        "type": "github"
      }
    },
    "systems_2": {
      "locked": {
        "lastModified": 1681028828,
        "narHash": "sha256-Vy1rq5AaRuLzOxct8nz4T6wlgyUR7zLU309k9mBC768=",
        "owner": "nix-systems",
        "repo": "default",
        "rev": "da67096a3b9bf56a91d16901293e51ba5b49a27e",
        "type": "github"
      },
      "original": {
        "owner": "nix-systems",
        "repo": "default",
        "type": "github"
      }
    },
    "systems_3": {
      "locked": {
        "lastModified": 1681028828,
        "narHash": "sha256-Vy1rq5AaRuLzOxct8nz4T6wlgyUR7zLU309k9mBC768=",
        "owner": "nix-systems",
        "repo": "default",
        "rev": "da67096a3b9bf56a91d16901293e51ba5b49a27e",
        "type": "github"
      },
      "original": {
        "owner": "nix-systems",
        "repo": "default",
        "type": "github"
      }
    },
    "systems_4": {
      "locked": {
        "lastModified": 1681028828,
        "narHash": "sha256-Vy1rq5AaRuLzOxct8nz4T6wlgyUR7zLU309k9mBC768=",
        "owner": "nix-systems",
        "repo": "default",
        "rev": "da67096a3b9bf56a91d16901293e51ba5b49a27e",
        "type": "github"
      },
      "original": {
        "owner": "nix-systems",
        "repo": "default",
        "type": "github"
      }
    },
    "systems_5": {
      "locked": {
        "lastModified": 1774449309,
        "narHash": "sha256-brhZ8DmuGtzkCYHJg4HEd602amKm89Y9ytsFZ5uWD1w=",
        "owner": "nix-systems",
        "repo": "default",
        "rev": "c29398b59d2048c4ab79345812849c9bd15e9150",
        "type": "github"
      },
      "original": {
        "owner": "nix-systems",
        "ref": "future-26.11",
        "repo": "default",
        "type": "github"
      }
    },
    "textbridge": {
      "inputs": {
        "nixpkgs": "nixpkgs_5"
      },
      "locked": {
        "lastModified": 1782118699,
        "narHash": "sha256-EfvWZgO4wTPrm5ZGMj35+thLr8lZP3uobDheq7t/h/c=",
        "owner": "SpreadZhao",
        "repo": "textbridge",
        "rev": "88f8372608cf6414887cb3ee4bf15696595df660",
        "type": "github"
      },
      "original": {
        "owner": "SpreadZhao",
        "repo": "textbridge",
        "type": "github"
      }
    },
    "uv2nix": {
      "inputs": {
        "nixpkgs": [
          "hermes-agent",
          "nixpkgs"
        ],
        "pyproject-nix": [
          "hermes-agent",
          "pyproject-nix"
        ]
      },
      "locked": {
        "lastModified": 1773039484,
        "narHash": "sha256-+boo33KYkJDw9KItpeEXXv8+65f7hHv/earxpcyzQ0I=",
        "owner": "pyproject-nix",
        "repo": "uv2nix",
        "rev": "b68be7cfeacbed9a3fa38a2b5adc0cfb81d9bb1f",
        "type": "github"
      },
      "original": {
        "owner": "pyproject-nix",
        "repo": "uv2nix",
        "type": "github"
      }
    },
    "web-artifacts-builder-skill": {
      "flake": false,
      "locked": {
        "lastModified": 1773519380,
        "narHash": "sha256-6NwxxU2dXXK+PHhTW9TD4BtygmfRApms5igG4qPb8AE=",
        "ref": "main",
        "rev": "07c7ce3b3a5e0992837607ec1cfb1c0d325adde6",
        "revCount": 1,
        "type": "git",
        "url": "https://github.com/CuriousAquarius/claude-skill-web-artifacts-builder.git"
      },
      "original": {
        "ref": "main",
        "type": "git",
        "url": "https://github.com/CuriousAquarius/claude-skill-web-artifacts-builder.git"
      }
    },
    "web-interface-guidelines": {
      "flake": false,
      "locked": {
        "lastModified": 1775513501,
        "narHash": "sha256-zUuwGkcxtep5awSbykzI2inZk4HP2mcK9S8y9LHjsxc=",
        "ref": "main",
        "rev": "4e799d45c17aec1498c269287a83b9dba22b966b",
        "revCount": 54,
        "type": "git",
        "url": "https://github.com/vercel-labs/web-interface-guidelines.git"
      },
      "original": {
        "ref": "main",
        "type": "git",
        "url": "https://github.com/vercel-labs/web-interface-guidelines.git"
      }
    },
    "xiaohongshu-summarizer-skill": {
      "flake": false,
      "locked": {
        "lastModified": 1773129138,
        "narHash": "sha256-7OxWtYcI5omOYgt40q13AcQk6AZ3/BuPeO93iS06R7c=",
        "ref": "main",
        "rev": "9e644e6db82d7c1f5f1ba8ab10278c1229d1f7bc",
        "revCount": 5,
        "type": "git",
        "url": "https://github.com/piekill/xiaohongshu-summarizer-skill.git"
      },
      "original": {
        "ref": "main",
        "type": "git",
        "url": "https://github.com/piekill/xiaohongshu-summarizer-skill.git"
      }
    }
  },
  "root": "root",
  "version": 7
}
